
Microsoft Visual Studio Solution File, Format Version 12.00
# Visual Studio Version 17
VisualStudioVersion = 17.7.34018.315
MinimumVisualStudioVersion = 10.0.40219.1
Project("{9A19103F-16F7-4668-BE54-9A1E7A4F7556}") = "DataAccess", "DataAccess\DataAccess.csproj", "{3D532837-ECE6-445F-9F50-5344ED97476B}"
EndProject
Project("{9A19103F-16F7-4668-BE54-9A1E7A4F7556}") = "17_VuDucHuy_SalesWPFApp", "17_VuDucHuy_SalesWPFApp\17_VuDucHuy_SalesWPFApp.csproj", "{929A1D12-ED20-47FA-859C-9F6C4FB120E7}"
EndProject
Project("{FAE04EC0-301F-11D3-BF4B-00C04F79EFBC}") = "17_VuDucHuy_BussinessObject", "17_VuDucHuy_BussinessObject\17_VuDucHuy_BussinessObject.csproj", "{3FC81D58-EE37-492A-BC69-51ABD5B61C02}"
EndProject
Project("{2150E333-8FDC-42A3-9474-1A3956D46DE8}") = "17_Vu_Duc_Huy_Bussiness_Layer", "17_Vu_Duc_Huy_Bussiness_Layer", "{8C3631B3-7F86-445A-98C6-B81B6A217DC3}"
EndProject
Project("{2150E333-8FDC-42A3-9474-1A3956D46DE8}") = "17_VuDucHuy_DataLayer", "17_VuDucHuy_DataLayer", "{F8608DEE-83C3-4230-B090-CBF294928799}"
EndProject
Global
	GlobalSection(SolutionConfigurationPlatforms) = preSolution
		Debug|Any CPU = Debug|Any CPU
		Release|Any CPU = Release|Any CPU
	EndGlobalSection
	GlobalSection(ProjectConfigurationPlatforms) = postSolution
		{3D532837-ECE6-445F-9F50-5344ED97476B}.Debug|Any CPU.ActiveCfg = Debug|Any CPU
		{3D532837-ECE6-445F-9F50-5344ED97476B}.Debug|Any CPU.Build.0 = Debug|Any CPU
		{3D532837-ECE6-445F-9F50-5344ED97476B}.Release|Any CPU.ActiveCfg = Release|Any CPU
		{3D532837-ECE6-445F-9F50-5344ED97476B}.Release|Any CPU.Build.0 = Release|Any CPU
		{929A1D12-ED20-47FA-859C-9F6C4FB120E7}.Debug|Any CPU.ActiveCfg = Debug|Any CPU
		{929A1D12-ED20-47FA-859C-9F6C4FB120E7}.Debug|Any CPU.Build.0 = Debug|Any CPU
		{929A1D12-ED20-47FA-859C-9F6C4FB120E7}.Release|Any CPU.ActiveCfg = Release|Any CPU
		{929A1D12-ED20-47FA-859C-9F6C4FB120E7}.Release|Any CPU.Build.0 = Release|Any CPU
		{3FC81D58-EE37-492A-BC69-51ABD5B61C02}.Debug|Any CPU.ActiveCfg = Debug|Any CPU
		{3FC81D58-EE37-492A-BC69-51ABD5B61C02}.Debug|Any CPU.Build.0 = Debug|Any CPU
		{3FC81D58-EE37-492A-BC69-51ABD5B61C02}.Release|Any CPU.ActiveCfg = Release|Any CPU
		{3FC81D58-EE37-492A-BC69-51ABD5B61C02}.Release|Any CPU.Build.0 = Release|Any CPU
	EndGlobalSection
	GlobalSection(SolutionProperties) = preSolution
		HideSolutionNode = FALSE
	EndGlobalSection
	GlobalSection(NestedProjects) = preSolution
		{3D532837-ECE6-445F-9F50-5344ED97476B} = {F8608DEE-83C3-4230-B090-CBF294928799}
		{3FC81D58-EE37-492A-BC69-51ABD5B61C02} = {8C3631B3-7F86-445A-98C6-B81B6A217DC3}
	EndGlobalSection
	GlobalSection(ExtensibilityGlobals) = postSolution
		SolutionGuid = {E011FE24-EC99-4F88-BA6D-39AA2EF29C48}
	EndGlobalSection
EndGlobal
